
Microsoft Visual Studio Solution File, Format Version 12.00
# Visual Studio Version 17
VisualStudioVersion = 17.7.34202.233
MinimumVisualStudioVersion = 10.0.40219.1
Project("{8BC9CEB8-8B4A-11D0-8D11-00A0C91BC942}") = "GaussLib", "GaussLib\GaussLib.vcxproj", "{1C9F1235-5551-4993-97DE-41C87661C9F3}"
EndProject
Project("{8BC9CEB8-8B4A-11D0-8D11-00A0C91BC942}") = "GaussDemo", "GaussDemo\GaussDemo.vcxproj", "{80041875-A1B7-48F8-BD9D-D2FC05841AF8}"
EndProject
Global
	GlobalSection(SolutionConfigurationPlatforms) = preSolution
		Debug|x64 = Debug|x64
		Debug|x86 = Debug|x86
		Release|x64 = Release|x64
		Release|x86 = Release|x86
	EndGlobalSection
	GlobalSection(ProjectConfigurationPlatforms) = postSolution
		{1C9F1235-5551-4993-97DE-41C87661C9F3}.Debug|x64.ActiveCfg = Debug|x64
		{1C9F1235-5551-4993-97DE-41C87661C9F3}.Debug|x64.Build.0 = Debug|x64
		{1C9F1235-5551-4993-97DE-41C87661C9F3}.Debug|x86.ActiveCfg = Debug|Win32
		{1C9F1235-5551-4993-97DE-41C87661C9F3}.Debug|x86.Build.0 = Debug|Win32
		{1C9F1235-5551-4993-97DE-41C87661C9F3}.Release|x64.ActiveCfg = Release|x64
		{1C9F1235-5551-4993-97DE-41C87661C9F3}.Release|x64.Build.0 = Release|x64
		{1C9F1235-5551-4993-97DE-41C87661C9F3}.Release|x86.ActiveCfg = Release|Win32
		{1C9F1235-5551-4993-97DE-41C87661C9F3}.Release|x86.Build.0 = Release|Win32
		{80041875-A1B7-48F8-BD9D-D2FC05841AF8}.Debug|x64.ActiveCfg = Debug|x64
		{80041875-A1B7-48F8-BD9D-D2FC05841AF8}.Debug|x64.Build.0 = Debug|x64
		{80041875-A1B7-48F8-BD9D-D2FC05841AF8}.Debug|x86.ActiveCfg = Debug|Win32
		{80041875-A1B7-48F8-BD9D-D2FC05841AF8}.Debug|x86.Build.0 = Debug|Win32
		{80041875-A1B7-48F8-BD9D-D2FC05841AF8}.Release|x64.ActiveCfg = Release|x64
		{80041875-A1B7-48F8-BD9D-D2FC05841AF8}.Release|x64.Build.0 = Release|x64
		{80041875-A1B7-48F8-BD9D-D2FC05841AF8}.Release|x86.ActiveCfg = Release|Win32
		{80041875-A1B7-48F8-BD9D-D2FC05841AF8}.Release|x86.Build.0 = Release|Win32
	EndGlobalSection
	GlobalSection(SolutionProperties) = preSolution
		HideSolutionNode = FALSE
	EndGlobalSection
	GlobalSection(ExtensibilityGlobals) = postSolution
		SolutionGuid = {00E3B0DB-3CBD-4F04-86C7-0C4E59602125}
	EndGlobalSection
EndGlobal
